
Microsoft Visual Studio Solution File, Format Version 12.00
# Visual Studio Version 16
VisualStudioVersion = 16.0.30621.155
MinimumVisualStudioVersion = 10.0.40219.1
Project("{FAE04EC0-301F-11D3-BF4B-00C04F79EFBC}") = "StackQueueWorkshop", "StackQueueWorkshop\StackQueueWorkshop.csproj", "{137A20C6-3826-4EE2-9D33-00C2D037ED4C}"
EndProject
Project("{FAE04EC0-301F-11D3-BF4B-00C04F79EFBC}") = "StackQueueWorkshop.Tests", "StackQueueWorkshop.Tests\StackQueueWorkshop.Tests.csproj", "{D97BF30B-EF5A-4F0C-86CC-4C425C8534F4}"
EndProject
Global
	GlobalSection(SolutionConfigurationPlatforms) = preSolution
		Debug|Any CPU = Debug|Any CPU
		Release|Any CPU = Release|Any CPU
	EndGlobalSection
	GlobalSection(ProjectConfigurationPlatforms) = postSolution
		{137A20C6-3826-4EE2-9D33-00C2D037ED4C}.Debug|Any CPU.ActiveCfg = Debug|Any CPU
		{137A20C6-3826-4EE2-9D33-00C2D037ED4C}.Debug|Any CPU.Build.0 = Debug|Any CPU
		{137A20C6-3826-4EE2-9D33-00C2D037ED4C}.Release|Any CPU.ActiveCfg = Release|Any CPU
		{137A20C6-3826-4EE2-9D33-00C2D037ED4C}.Release|Any CPU.Build.0 = Release|Any CPU
		{D97BF30B-EF5A-4F0C-86CC-4C425C8534F4}.Debug|Any CPU.ActiveCfg = Debug|Any CPU
		{D97BF30B-EF5A-4F0C-86CC-4C425C8534F4}.Debug|Any CPU.Build.0 = Debug|Any CPU
		{D97BF30B-EF5A-4F0C-86CC-4C425C8534F4}.Release|Any CPU.ActiveCfg = Release|Any CPU
		{D97BF30B-EF5A-4F0C-86CC-4C425C8534F4}.Release|Any CPU.Build.0 = Release|Any CPU
	EndGlobalSection
	GlobalSection(SolutionProperties) = preSolution
		HideSolutionNode = FALSE
	EndGlobalSection
	GlobalSection(ExtensibilityGlobals) = postSolution
		SolutionGuid = {40B31344-CF1A-403F-B4A9-EF61E66A872E}
	EndGlobalSection
EndGlobal
