
Microsoft Visual Studio Solution File, Format Version 12.00
# Visual Studio Version 16
VisualStudioVersion = 16.0.32106.194
MinimumVisualStudioVersion = 10.0.40219.1
Project("{FAE04EC0-301F-11D3-BF4B-00C04F79EFBC}") = "Inflight Entertainment", "Inflight Entertainment.csproj", "{6A92D127-D05E-42BF-83D8-78B29C20A39D}"
EndProject
Global
	GlobalSection(SolutionConfigurationPlatforms) = preSolution
		Debug|Any CPU = Debug|Any CPU
		Release|Any CPU = Release|Any CPU
	EndGlobalSection
	GlobalSection(ProjectConfigurationPlatforms) = postSolution
		{6A92D127-D05E-42BF-83D8-78B29C20A39D}.Debug|Any CPU.ActiveCfg = Debug|Any CPU
		{6A92D127-D05E-42BF-83D8-78B29C20A39D}.Debug|Any CPU.Build.0 = Debug|Any CPU
		{6A92D127-D05E-42BF-83D8-78B29C20A39D}.Release|Any CPU.ActiveCfg = Release|Any CPU
		{6A92D127-D05E-42BF-83D8-78B29C20A39D}.Release|Any CPU.Build.0 = Release|Any CPU
	EndGlobalSection
	GlobalSection(SolutionProperties) = preSolution
		HideSolutionNode = FALSE
	EndGlobalSection
	GlobalSection(ExtensibilityGlobals) = postSolution
		SolutionGuid = {9983A23E-0F07-4555-A40A-D7A923DC5957}
	EndGlobalSection
EndGlobal
