
Microsoft Visual Studio Solution File, Format Version 12.00
# Visual Studio Version 16
VisualStudioVersion = 16.0.32106.194
MinimumVisualStudioVersion = 10.0.40219.1
Project("{FAE04EC0-301F-11D3-BF4B-00C04F79EFBC}") = "DSA Set and Map 04.Gotta catch 'em all 2", "DSA Set and Map 04.Gotta catch 'em all 2.csproj", "{1E89B20A-7A56-4378-B733-30234BE8EF17}"
EndProject
Global
	GlobalSection(SolutionConfigurationPlatforms) = preSolution
		Debug|Any CPU = Debug|Any CPU
		Release|Any CPU = Release|Any CPU
	EndGlobalSection
	GlobalSection(ProjectConfigurationPlatforms) = postSolution
		{1E89B20A-7A56-4378-B733-30234BE8EF17}.Debug|Any CPU.ActiveCfg = Debug|Any CPU
		{1E89B20A-7A56-4378-B733-30234BE8EF17}.Debug|Any CPU.Build.0 = Debug|Any CPU
		{1E89B20A-7A56-4378-B733-30234BE8EF17}.Release|Any CPU.ActiveCfg = Release|Any CPU
		{1E89B20A-7A56-4378-B733-30234BE8EF17}.Release|Any CPU.Build.0 = Release|Any CPU
	EndGlobalSection
	GlobalSection(SolutionProperties) = preSolution
		HideSolutionNode = FALSE
	EndGlobalSection
	GlobalSection(ExtensibilityGlobals) = postSolution
		SolutionGuid = {4BC130BA-6CB8-4489-B9ED-E049439EFFF9}
	EndGlobalSection
EndGlobal
