
Microsoft Visual Studio Solution File, Format Version 12.00
# Visual Studio Version 17
VisualStudioVersion = 17.4.33213.308
MinimumVisualStudioVersion = 10.0.40219.1
Project("{9A19103F-16F7-4668-BE54-9A1E7A4F7556}") = "DI.ConsoleApplication", "..\DI.Console\DI.ConsoleApplication.csproj", "{A7E6B8AA-F127-46BE-B736-6D5AAEA6A4A9}"
EndProject
Project("{9A19103F-16F7-4668-BE54-9A1E7A4F7556}") = "DI.Triangle", "..\DI.Triangle\DI.Triangle.csproj", "{B5AD92F5-3E9B-4B0F-9877-0CAD08359FA5}"
EndProject
Project("{9A19103F-16F7-4668-BE54-9A1E7A4F7556}") = "DI.Web", "DI.Web.csproj", "{8C289AD2-DC58-4388-AD7C-E0F20289A204}"
EndProject
Global
	GlobalSection(SolutionConfigurationPlatforms) = preSolution
		Debug|Any CPU = Debug|Any CPU
		Release|Any CPU = Release|Any CPU
	EndGlobalSection
	GlobalSection(ProjectConfigurationPlatforms) = postSolution
		{A7E6B8AA-F127-46BE-B736-6D5AAEA6A4A9}.Debug|Any CPU.ActiveCfg = Debug|Any CPU
		{A7E6B8AA-F127-46BE-B736-6D5AAEA6A4A9}.Debug|Any CPU.Build.0 = Debug|Any CPU
		{A7E6B8AA-F127-46BE-B736-6D5AAEA6A4A9}.Release|Any CPU.ActiveCfg = Release|Any CPU
		{A7E6B8AA-F127-46BE-B736-6D5AAEA6A4A9}.Release|Any CPU.Build.0 = Release|Any CPU
		{B5AD92F5-3E9B-4B0F-9877-0CAD08359FA5}.Debug|Any CPU.ActiveCfg = Debug|Any CPU
		{B5AD92F5-3E9B-4B0F-9877-0CAD08359FA5}.Debug|Any CPU.Build.0 = Debug|Any CPU
		{B5AD92F5-3E9B-4B0F-9877-0CAD08359FA5}.Release|Any CPU.ActiveCfg = Release|Any CPU
		{B5AD92F5-3E9B-4B0F-9877-0CAD08359FA5}.Release|Any CPU.Build.0 = Release|Any CPU
		{8C289AD2-DC58-4388-AD7C-E0F20289A204}.Debug|Any CPU.ActiveCfg = Debug|Any CPU
		{8C289AD2-DC58-4388-AD7C-E0F20289A204}.Debug|Any CPU.Build.0 = Debug|Any CPU
		{8C289AD2-DC58-4388-AD7C-E0F20289A204}.Release|Any CPU.ActiveCfg = Release|Any CPU
		{8C289AD2-DC58-4388-AD7C-E0F20289A204}.Release|Any CPU.Build.0 = Release|Any CPU
	EndGlobalSection
	GlobalSection(SolutionProperties) = preSolution
		HideSolutionNode = FALSE
	EndGlobalSection
	GlobalSection(ExtensibilityGlobals) = postSolution
		SolutionGuid = {F765A802-56A0-42D2-94C3-54389CAABB0B}
	EndGlobalSection
EndGlobal
