
Microsoft Visual Studio Solution File, Format Version 12.00
# Visual Studio 15
VisualStudioVersion = 15.0.27130.2024
MinimumVisualStudioVersion = 10.0.40219.1
Project("{FAE04EC0-301F-11D3-BF4B-00C04F79EFBC}") = "Spiral Matrix", "Spiral Matrix\Spiral Matrix.csproj", "{4C17FFBB-F129-4DE9-B7F9-972B59993F6F}"
EndProject
Global
	GlobalSection(SolutionConfigurationPlatforms) = preSolution
		Debug|Any CPU = Debug|Any CPU
		Release|Any CPU = Release|Any CPU
	EndGlobalSection
	GlobalSection(ProjectConfigurationPlatforms) = postSolution
		{4C17FFBB-F129-4DE9-B7F9-972B59993F6F}.Debug|Any CPU.ActiveCfg = Debug|Any CPU
		{4C17FFBB-F129-4DE9-B7F9-972B59993F6F}.Debug|Any CPU.Build.0 = Debug|Any CPU
		{4C17FFBB-F129-4DE9-B7F9-972B59993F6F}.Release|Any CPU.ActiveCfg = Release|Any CPU
		{4C17FFBB-F129-4DE9-B7F9-972B59993F6F}.Release|Any CPU.Build.0 = Release|Any CPU
	EndGlobalSection
	GlobalSection(SolutionProperties) = preSolution
		HideSolutionNode = FALSE
	EndGlobalSection
	GlobalSection(ExtensibilityGlobals) = postSolution
		SolutionGuid = {364CCA08-8102-442B-9D3F-EE81628B0B82}
	EndGlobalSection
EndGlobal
