
Microsoft Visual Studio Solution File, Format Version 12.00
# Visual Studio Version 16
VisualStudioVersion = 16.0.32106.194
MinimumVisualStudioVersion = 10.0.40219.1
Project("{FAE04EC0-301F-11D3-BF4B-00C04F79EFBC}") = "Prime Triangle", "Prime Triangle.csproj", "{56D1ED74-F17A-455E-A006-99D35635A848}"
EndProject
Global
	GlobalSection(SolutionConfigurationPlatforms) = preSolution
		Debug|Any CPU = Debug|Any CPU
		Release|Any CPU = Release|Any CPU
	EndGlobalSection
	GlobalSection(ProjectConfigurationPlatforms) = postSolution
		{56D1ED74-F17A-455E-A006-99D35635A848}.Debug|Any CPU.ActiveCfg = Debug|Any CPU
		{56D1ED74-F17A-455E-A006-99D35635A848}.Debug|Any CPU.Build.0 = Debug|Any CPU
		{56D1ED74-F17A-455E-A006-99D35635A848}.Release|Any CPU.ActiveCfg = Release|Any CPU
		{56D1ED74-F17A-455E-A006-99D35635A848}.Release|Any CPU.Build.0 = Release|Any CPU
	EndGlobalSection
	GlobalSection(SolutionProperties) = preSolution
		HideSolutionNode = FALSE
	EndGlobalSection
	GlobalSection(ExtensibilityGlobals) = postSolution
		SolutionGuid = {E0355847-ED68-42F8-B871-C4495948846F}
	EndGlobalSection
EndGlobal
