
Microsoft Visual Studio Solution File, Format Version 12.00
# Visual Studio Version 16
VisualStudioVersion = 16.0.32106.194
MinimumVisualStudioVersion = 10.0.40219.1
Project("{FAE04EC0-301F-11D3-BF4B-00C04F79EFBC}") = "Task1", "Task1.csproj", "{8C9CA00F-5F1B-4B81-9A22-E47F3EBF8152}"
EndProject
Global
	GlobalSection(SolutionConfigurationPlatforms) = preSolution
		Debug|Any CPU = Debug|Any CPU
		Release|Any CPU = Release|Any CPU
	EndGlobalSection
	GlobalSection(ProjectConfigurationPlatforms) = postSolution
		{8C9CA00F-5F1B-4B81-9A22-E47F3EBF8152}.Debug|Any CPU.ActiveCfg = Debug|Any CPU
		{8C9CA00F-5F1B-4B81-9A22-E47F3EBF8152}.Debug|Any CPU.Build.0 = Debug|Any CPU
		{8C9CA00F-5F1B-4B81-9A22-E47F3EBF8152}.Release|Any CPU.ActiveCfg = Release|Any CPU
		{8C9CA00F-5F1B-4B81-9A22-E47F3EBF8152}.Release|Any CPU.Build.0 = Release|Any CPU
	EndGlobalSection
	GlobalSection(SolutionProperties) = preSolution
		HideSolutionNode = FALSE
	EndGlobalSection
	GlobalSection(ExtensibilityGlobals) = postSolution
		SolutionGuid = {100BB262-271A-459F-A683-27455A529A44}
	EndGlobalSection
EndGlobal
