
Microsoft Visual Studio Solution File, Format Version 12.00
# Visual Studio Version 16
VisualStudioVersion = 16.0.32106.194
MinimumVisualStudioVersion = 10.0.40219.1
Project("{FAE04EC0-301F-11D3-BF4B-00C04F79EFBC}") = "DSAProblems01.Jumps", "DSAProblems01.Jumps.csproj", "{A827B718-47C0-427C-AD35-D0938E200FF9}"
EndProject
Global
	GlobalSection(SolutionConfigurationPlatforms) = preSolution
		Debug|Any CPU = Debug|Any CPU
		Release|Any CPU = Release|Any CPU
	EndGlobalSection
	GlobalSection(ProjectConfigurationPlatforms) = postSolution
		{A827B718-47C0-427C-AD35-D0938E200FF9}.Debug|Any CPU.ActiveCfg = Debug|Any CPU
		{A827B718-47C0-427C-AD35-D0938E200FF9}.Debug|Any CPU.Build.0 = Debug|Any CPU
		{A827B718-47C0-427C-AD35-D0938E200FF9}.Release|Any CPU.ActiveCfg = Release|Any CPU
		{A827B718-47C0-427C-AD35-D0938E200FF9}.Release|Any CPU.Build.0 = Release|Any CPU
	EndGlobalSection
	GlobalSection(SolutionProperties) = preSolution
		HideSolutionNode = FALSE
	EndGlobalSection
	GlobalSection(ExtensibilityGlobals) = postSolution
		SolutionGuid = {6227FF2F-809E-4552-BD63-E3CCE025C2E5}
	EndGlobalSection
EndGlobal
