
Microsoft Visual Studio Solution File, Format Version 12.00
# Visual Studio Version 16
VisualStudioVersion = 16.0.33130.400
MinimumVisualStudioVersion = 10.0.40219.1
Project("{FAE04EC0-301F-11D3-BF4B-00C04F79EFBC}") = "Task1", "Task1.csproj", "{162FE0D1-F941-46D8-8E3E-17583A8420EA}"
EndProject
Global
	GlobalSection(SolutionConfigurationPlatforms) = preSolution
		Debug|Any CPU = Debug|Any CPU
		Release|Any CPU = Release|Any CPU
	EndGlobalSection
	GlobalSection(ProjectConfigurationPlatforms) = postSolution
		{162FE0D1-F941-46D8-8E3E-17583A8420EA}.Debug|Any CPU.ActiveCfg = Debug|Any CPU
		{162FE0D1-F941-46D8-8E3E-17583A8420EA}.Debug|Any CPU.Build.0 = Debug|Any CPU
		{162FE0D1-F941-46D8-8E3E-17583A8420EA}.Release|Any CPU.ActiveCfg = Release|Any CPU
		{162FE0D1-F941-46D8-8E3E-17583A8420EA}.Release|Any CPU.Build.0 = Release|Any CPU
	EndGlobalSection
	GlobalSection(SolutionProperties) = preSolution
		HideSolutionNode = FALSE
	EndGlobalSection
	GlobalSection(ExtensibilityGlobals) = postSolution
		SolutionGuid = {D6FA89FC-9001-4F61-9F5D-00A73FECE451}
	EndGlobalSection
EndGlobal
