
Microsoft Visual Studio Solution File, Format Version 12.00
# Visual Studio Version 16
VisualStudioVersion = 16.0.32106.194
MinimumVisualStudioVersion = 10.0.40219.1
Project("{FAE04EC0-301F-11D3-BF4B-00C04F79EFBC}") = "Task2", "Task2.csproj", "{72A0EEC2-A987-4AB4-8154-119505729CC3}"
EndProject
Global
	GlobalSection(SolutionConfigurationPlatforms) = preSolution
		Debug|Any CPU = Debug|Any CPU
		Release|Any CPU = Release|Any CPU
	EndGlobalSection
	GlobalSection(ProjectConfigurationPlatforms) = postSolution
		{72A0EEC2-A987-4AB4-8154-119505729CC3}.Debug|Any CPU.ActiveCfg = Debug|Any CPU
		{72A0EEC2-A987-4AB4-8154-119505729CC3}.Debug|Any CPU.Build.0 = Debug|Any CPU
		{72A0EEC2-A987-4AB4-8154-119505729CC3}.Release|Any CPU.ActiveCfg = Release|Any CPU
		{72A0EEC2-A987-4AB4-8154-119505729CC3}.Release|Any CPU.Build.0 = Release|Any CPU
	EndGlobalSection
	GlobalSection(SolutionProperties) = preSolution
		HideSolutionNode = FALSE
	EndGlobalSection
	GlobalSection(ExtensibilityGlobals) = postSolution
		SolutionGuid = {87543A4B-D02E-44C5-A93F-E5284C7C1627}
	EndGlobalSection
EndGlobal
