
Microsoft Visual Studio Solution File, Format Version 12.00
# Visual Studio Version 16
VisualStudioVersion = 16.0.32106.194
MinimumVisualStudioVersion = 10.0.40219.1
Project("{FAE04EC0-301F-11D3-BF4B-00C04F79EFBC}") = "Fibonacci", "Fibonacci.csproj", "{7B455D2E-6214-42BD-97E9-D4B8A02B27C3}"
EndProject
Global
	GlobalSection(SolutionConfigurationPlatforms) = preSolution
		Debug|Any CPU = Debug|Any CPU
		Release|Any CPU = Release|Any CPU
	EndGlobalSection
	GlobalSection(ProjectConfigurationPlatforms) = postSolution
		{7B455D2E-6214-42BD-97E9-D4B8A02B27C3}.Debug|Any CPU.ActiveCfg = Debug|Any CPU
		{7B455D2E-6214-42BD-97E9-D4B8A02B27C3}.Debug|Any CPU.Build.0 = Debug|Any CPU
		{7B455D2E-6214-42BD-97E9-D4B8A02B27C3}.Release|Any CPU.ActiveCfg = Release|Any CPU
		{7B455D2E-6214-42BD-97E9-D4B8A02B27C3}.Release|Any CPU.Build.0 = Release|Any CPU
	EndGlobalSection
	GlobalSection(SolutionProperties) = preSolution
		HideSolutionNode = FALSE
	EndGlobalSection
	GlobalSection(ExtensibilityGlobals) = postSolution
		SolutionGuid = {D5973675-8074-4750-9922-506CD6D4466A}
	EndGlobalSection
EndGlobal
