
Microsoft Visual Studio Solution File, Format Version 12.00
# Visual Studio Version 16
VisualStudioVersion = 16.0.32106.194
MinimumVisualStudioVersion = 10.0.40219.1
Project("{FAE04EC0-301F-11D3-BF4B-00C04F79EFBC}") = "Problem 4", "Problem 4.csproj", "{0CE7D55C-4D03-4A9A-9209-C62CB5E88DD2}"
EndProject
Global
	GlobalSection(SolutionConfigurationPlatforms) = preSolution
		Debug|Any CPU = Debug|Any CPU
		Release|Any CPU = Release|Any CPU
	EndGlobalSection
	GlobalSection(ProjectConfigurationPlatforms) = postSolution
		{0CE7D55C-4D03-4A9A-9209-C62CB5E88DD2}.Debug|Any CPU.ActiveCfg = Debug|Any CPU
		{0CE7D55C-4D03-4A9A-9209-C62CB5E88DD2}.Debug|Any CPU.Build.0 = Debug|Any CPU
		{0CE7D55C-4D03-4A9A-9209-C62CB5E88DD2}.Release|Any CPU.ActiveCfg = Release|Any CPU
		{0CE7D55C-4D03-4A9A-9209-C62CB5E88DD2}.Release|Any CPU.Build.0 = Release|Any CPU
	EndGlobalSection
	GlobalSection(SolutionProperties) = preSolution
		HideSolutionNode = FALSE
	EndGlobalSection
	GlobalSection(ExtensibilityGlobals) = postSolution
		SolutionGuid = {C8D6CC7E-1513-4197-A62F-756A80ED7A26}
	EndGlobalSection
EndGlobal
