
Microsoft Visual Studio Solution File, Format Version 12.00
# Visual Studio Version 16
VisualStudioVersion = 16.0.32106.194
MinimumVisualStudioVersion = 10.0.40219.1
Project("{FAE04EC0-301F-11D3-BF4B-00C04F79EFBC}") = "DSA Set and Map 04.Gotta catch 'em all", "DSA Set and Map 04.Gotta catch 'em all.csproj", "{C5BF1DC7-A78D-43CD-BB23-9C60AD3F466A}"
EndProject
Global
	GlobalSection(SolutionConfigurationPlatforms) = preSolution
		Debug|Any CPU = Debug|Any CPU
		Release|Any CPU = Release|Any CPU
	EndGlobalSection
	GlobalSection(ProjectConfigurationPlatforms) = postSolution
		{C5BF1DC7-A78D-43CD-BB23-9C60AD3F466A}.Debug|Any CPU.ActiveCfg = Debug|Any CPU
		{C5BF1DC7-A78D-43CD-BB23-9C60AD3F466A}.Debug|Any CPU.Build.0 = Debug|Any CPU
		{C5BF1DC7-A78D-43CD-BB23-9C60AD3F466A}.Release|Any CPU.ActiveCfg = Release|Any CPU
		{C5BF1DC7-A78D-43CD-BB23-9C60AD3F466A}.Release|Any CPU.Build.0 = Release|Any CPU
	EndGlobalSection
	GlobalSection(SolutionProperties) = preSolution
		HideSolutionNode = FALSE
	EndGlobalSection
	GlobalSection(ExtensibilityGlobals) = postSolution
		SolutionGuid = {F37B6F2A-7105-4B77-8392-D810195C0E55}
	EndGlobalSection
EndGlobal
