
Microsoft Visual Studio Solution File, Format Version 12.00
# Visual Studio Version 16
VisualStudioVersion = 16.0.33130.400
MinimumVisualStudioVersion = 10.0.40219.1
Project("{FAE04EC0-301F-11D3-BF4B-00C04F79EFBC}") = "Task4", "Task4.csproj", "{B9665433-538B-487C-ABB5-D503BF391780}"
EndProject
Global
	GlobalSection(SolutionConfigurationPlatforms) = preSolution
		Debug|Any CPU = Debug|Any CPU
		Release|Any CPU = Release|Any CPU
	EndGlobalSection
	GlobalSection(ProjectConfigurationPlatforms) = postSolution
		{B9665433-538B-487C-ABB5-D503BF391780}.Debug|Any CPU.ActiveCfg = Debug|Any CPU
		{B9665433-538B-487C-ABB5-D503BF391780}.Debug|Any CPU.Build.0 = Debug|Any CPU
		{B9665433-538B-487C-ABB5-D503BF391780}.Release|Any CPU.ActiveCfg = Release|Any CPU
		{B9665433-538B-487C-ABB5-D503BF391780}.Release|Any CPU.Build.0 = Release|Any CPU
	EndGlobalSection
	GlobalSection(SolutionProperties) = preSolution
		HideSolutionNode = FALSE
	EndGlobalSection
	GlobalSection(ExtensibilityGlobals) = postSolution
		SolutionGuid = {43293B89-DB4B-4B60-8408-C01A57012FF1}
	EndGlobalSection
EndGlobal
