
Microsoft Visual Studio Solution File, Format Version 12.00
# Visual Studio Version 16
VisualStudioVersion = 16.0.32106.194
MinimumVisualStudioVersion = 10.0.40219.1
Project("{FAE04EC0-301F-11D3-BF4B-00C04F79EFBC}") = "15.Array Values times 10", "15.Array Values times 10.csproj", "{0DFFCD2D-0783-4322-963D-82DF17B27B90}"
EndProject
Global
	GlobalSection(SolutionConfigurationPlatforms) = preSolution
		Debug|Any CPU = Debug|Any CPU
		Release|Any CPU = Release|Any CPU
	EndGlobalSection
	GlobalSection(ProjectConfigurationPlatforms) = postSolution
		{0DFFCD2D-0783-4322-963D-82DF17B27B90}.Debug|Any CPU.ActiveCfg = Debug|Any CPU
		{0DFFCD2D-0783-4322-963D-82DF17B27B90}.Debug|Any CPU.Build.0 = Debug|Any CPU
		{0DFFCD2D-0783-4322-963D-82DF17B27B90}.Release|Any CPU.ActiveCfg = Release|Any CPU
		{0DFFCD2D-0783-4322-963D-82DF17B27B90}.Release|Any CPU.Build.0 = Release|Any CPU
	EndGlobalSection
	GlobalSection(SolutionProperties) = preSolution
		HideSolutionNode = FALSE
	EndGlobalSection
	GlobalSection(ExtensibilityGlobals) = postSolution
		SolutionGuid = {E4B144AE-C114-44BB-876D-3801599E5F67}
	EndGlobalSection
EndGlobal
