
Microsoft Visual Studio Solution File, Format Version 12.00
# Visual Studio Version 16
VisualStudioVersion = 16.0.32106.194
MinimumVisualStudioVersion = 10.0.40219.1
Project("{FAE04EC0-301F-11D3-BF4B-00C04F79EFBC}") = "DSA Set and Map 01.Noah's ark", "DSA Set and Map 01.Noah's ark.csproj", "{7A257C49-7D26-4705-B210-043926CAD98F}"
EndProject
Global
	GlobalSection(SolutionConfigurationPlatforms) = preSolution
		Debug|Any CPU = Debug|Any CPU
		Release|Any CPU = Release|Any CPU
	EndGlobalSection
	GlobalSection(ProjectConfigurationPlatforms) = postSolution
		{7A257C49-7D26-4705-B210-043926CAD98F}.Debug|Any CPU.ActiveCfg = Debug|Any CPU
		{7A257C49-7D26-4705-B210-043926CAD98F}.Debug|Any CPU.Build.0 = Debug|Any CPU
		{7A257C49-7D26-4705-B210-043926CAD98F}.Release|Any CPU.ActiveCfg = Release|Any CPU
		{7A257C49-7D26-4705-B210-043926CAD98F}.Release|Any CPU.Build.0 = Release|Any CPU
	EndGlobalSection
	GlobalSection(SolutionProperties) = preSolution
		HideSolutionNode = FALSE
	EndGlobalSection
	GlobalSection(ExtensibilityGlobals) = postSolution
		SolutionGuid = {0D01F312-EF53-4707-AEF6-B7C618053FBD}
	EndGlobalSection
EndGlobal
