
Microsoft Visual Studio Solution File, Format Version 12.00
# Visual Studio Version 16
VisualStudioVersion = 16.0.32106.194
MinimumVisualStudioVersion = 10.0.40219.1
Project("{FAE04EC0-301F-11D3-BF4B-00C04F79EFBC}") = "08.Count Occurrences 2", "08.Count Occurrences 2.csproj", "{A3928060-E0F4-407A-8059-7D3CE10E6722}"
EndProject
Global
	GlobalSection(SolutionConfigurationPlatforms) = preSolution
		Debug|Any CPU = Debug|Any CPU
		Release|Any CPU = Release|Any CPU
	EndGlobalSection
	GlobalSection(ProjectConfigurationPlatforms) = postSolution
		{A3928060-E0F4-407A-8059-7D3CE10E6722}.Debug|Any CPU.ActiveCfg = Debug|Any CPU
		{A3928060-E0F4-407A-8059-7D3CE10E6722}.Debug|Any CPU.Build.0 = Debug|Any CPU
		{A3928060-E0F4-407A-8059-7D3CE10E6722}.Release|Any CPU.ActiveCfg = Release|Any CPU
		{A3928060-E0F4-407A-8059-7D3CE10E6722}.Release|Any CPU.Build.0 = Release|Any CPU
	EndGlobalSection
	GlobalSection(SolutionProperties) = preSolution
		HideSolutionNode = FALSE
	EndGlobalSection
	GlobalSection(ExtensibilityGlobals) = postSolution
		SolutionGuid = {42FC8FAE-F887-4B97-AE47-9E3FB23D6C46}
	EndGlobalSection
EndGlobal
