
Microsoft Visual Studio Solution File, Format Version 12.00
# Visual Studio Version 16
VisualStudioVersion = 16.0.32106.194
MinimumVisualStudioVersion = 10.0.40219.1
Project("{FAE04EC0-301F-11D3-BF4B-00C04F79EFBC}") = "Problem 3", "Problem 3.csproj", "{FDCC0917-C07D-40FC-BAA1-D38D0BA44A76}"
EndProject
Global
	GlobalSection(SolutionConfigurationPlatforms) = preSolution
		Debug|Any CPU = Debug|Any CPU
		Release|Any CPU = Release|Any CPU
	EndGlobalSection
	GlobalSection(ProjectConfigurationPlatforms) = postSolution
		{FDCC0917-C07D-40FC-BAA1-D38D0BA44A76}.Debug|Any CPU.ActiveCfg = Debug|Any CPU
		{FDCC0917-C07D-40FC-BAA1-D38D0BA44A76}.Debug|Any CPU.Build.0 = Debug|Any CPU
		{FDCC0917-C07D-40FC-BAA1-D38D0BA44A76}.Release|Any CPU.ActiveCfg = Release|Any CPU
		{FDCC0917-C07D-40FC-BAA1-D38D0BA44A76}.Release|Any CPU.Build.0 = Release|Any CPU
	EndGlobalSection
	GlobalSection(SolutionProperties) = preSolution
		HideSolutionNode = FALSE
	EndGlobalSection
	GlobalSection(ExtensibilityGlobals) = postSolution
		SolutionGuid = {7D553D4D-A7EE-4659-85E4-5531231E696C}
	EndGlobalSection
EndGlobal
