
Microsoft Visual Studio Solution File, Format Version 12.00
# Visual Studio Version 16
VisualStudioVersion = 16.0.33130.400
MinimumVisualStudioVersion = 10.0.40219.1
Project("{FAE04EC0-301F-11D3-BF4B-00C04F79EFBC}") = "Task5", "Task5.csproj", "{89BC4CA4-D7A9-4150-8B17-C884AF01049E}"
EndProject
Global
	GlobalSection(SolutionConfigurationPlatforms) = preSolution
		Debug|Any CPU = Debug|Any CPU
		Release|Any CPU = Release|Any CPU
	EndGlobalSection
	GlobalSection(ProjectConfigurationPlatforms) = postSolution
		{89BC4CA4-D7A9-4150-8B17-C884AF01049E}.Debug|Any CPU.ActiveCfg = Debug|Any CPU
		{89BC4CA4-D7A9-4150-8B17-C884AF01049E}.Debug|Any CPU.Build.0 = Debug|Any CPU
		{89BC4CA4-D7A9-4150-8B17-C884AF01049E}.Release|Any CPU.ActiveCfg = Release|Any CPU
		{89BC4CA4-D7A9-4150-8B17-C884AF01049E}.Release|Any CPU.Build.0 = Release|Any CPU
	EndGlobalSection
	GlobalSection(SolutionProperties) = preSolution
		HideSolutionNode = FALSE
	EndGlobalSection
	GlobalSection(ExtensibilityGlobals) = postSolution
		SolutionGuid = {D78B00E1-B040-4CFB-AA56-B25F861444FA}
	EndGlobalSection
EndGlobal
