
Microsoft Visual Studio Solution File, Format Version 12.00
# Visual Studio Version 16
VisualStudioVersion = 16.0.33130.400
MinimumVisualStudioVersion = 10.0.40219.1
Project("{FAE04EC0-301F-11D3-BF4B-00C04F79EFBC}") = "Task3", "Task3.csproj", "{1A2C5A5A-9FAC-47DB-8AB2-5816BCD0AF12}"
EndProject
Global
	GlobalSection(SolutionConfigurationPlatforms) = preSolution
		Debug|Any CPU = Debug|Any CPU
		Release|Any CPU = Release|Any CPU
	EndGlobalSection
	GlobalSection(ProjectConfigurationPlatforms) = postSolution
		{1A2C5A5A-9FAC-47DB-8AB2-5816BCD0AF12}.Debug|Any CPU.ActiveCfg = Debug|Any CPU
		{1A2C5A5A-9FAC-47DB-8AB2-5816BCD0AF12}.Debug|Any CPU.Build.0 = Debug|Any CPU
		{1A2C5A5A-9FAC-47DB-8AB2-5816BCD0AF12}.Release|Any CPU.ActiveCfg = Release|Any CPU
		{1A2C5A5A-9FAC-47DB-8AB2-5816BCD0AF12}.Release|Any CPU.Build.0 = Release|Any CPU
	EndGlobalSection
	GlobalSection(SolutionProperties) = preSolution
		HideSolutionNode = FALSE
	EndGlobalSection
	GlobalSection(ExtensibilityGlobals) = postSolution
		SolutionGuid = {4E8C8E1D-8105-4654-9E42-1BA949373BCF}
	EndGlobalSection
EndGlobal
